
Microsoft Visual Studio Solution File, Format Version 12.00
# Visual Studio Version 16
VisualStudioVersion = 16.0.32929.386
MinimumVisualStudioVersion = 10.0.40219.1
Project("{FAE04EC0-301F-11D3-BF4B-00C04F79EFBC}") = "GRSYKitapEvi", "GRSYKitapEvi\GRSYKitapEvi.csproj", "{FF8D897E-F5C7-4C08-B986-B025AE22E836}"
EndProject
Project("{FAE04EC0-301F-11D3-BF4B-00C04F79EFBC}") = "Model", "Model\Model.csproj", "{9DA9B5B2-1FFF-4039-934F-48AF5A1E7725}"
EndProject
Project("{FAE04EC0-301F-11D3-BF4B-00C04F79EFBC}") = "Data_Access", "Data_Access\Data_Access.csproj", "{50EC5FC7-279B-4928-ADE7-E24E46A81DC3}"
EndProject
Global
	GlobalSection(SolutionConfigurationPlatforms) = preSolution
		Debug|Any CPU = Debug|Any CPU
		Release|Any CPU = Release|Any CPU
	EndGlobalSection
	GlobalSection(ProjectConfigurationPlatforms) = postSolution
		{FF8D897E-F5C7-4C08-B986-B025AE22E836}.Debug|Any CPU.ActiveCfg = Debug|Any CPU
		{FF8D897E-F5C7-4C08-B986-B025AE22E836}.Debug|Any CPU.Build.0 = Debug|Any CPU
		{FF8D897E-F5C7-4C08-B986-B025AE22E836}.Release|Any CPU.ActiveCfg = Release|Any CPU
		{FF8D897E-F5C7-4C08-B986-B025AE22E836}.Release|Any CPU.Build.0 = Release|Any CPU
		{9DA9B5B2-1FFF-4039-934F-48AF5A1E7725}.Debug|Any CPU.ActiveCfg = Debug|Any CPU
		{9DA9B5B2-1FFF-4039-934F-48AF5A1E7725}.Debug|Any CPU.Build.0 = Debug|Any CPU
		{9DA9B5B2-1FFF-4039-934F-48AF5A1E7725}.Release|Any CPU.ActiveCfg = Release|Any CPU
		{9DA9B5B2-1FFF-4039-934F-48AF5A1E7725}.Release|Any CPU.Build.0 = Release|Any CPU
		{50EC5FC7-279B-4928-ADE7-E24E46A81DC3}.Debug|Any CPU.ActiveCfg = Debug|Any CPU
		{50EC5FC7-279B-4928-ADE7-E24E46A81DC3}.Debug|Any CPU.Build.0 = Debug|Any CPU
		{50EC5FC7-279B-4928-ADE7-E24E46A81DC3}.Release|Any CPU.ActiveCfg = Release|Any CPU
		{50EC5FC7-279B-4928-ADE7-E24E46A81DC3}.Release|Any CPU.Build.0 = Release|Any CPU
	EndGlobalSection
	GlobalSection(SolutionProperties) = preSolution
		HideSolutionNode = FALSE
	EndGlobalSection
	GlobalSection(ExtensibilityGlobals) = postSolution
		SolutionGuid = {39FABB57-5949-4C49-9BB1-9C455CE73D37}
	EndGlobalSection
EndGlobal
